
Microsoft Visual Studio Solution File, Format Version 12.00
# Visual Studio Version 17
VisualStudioVersion = 17.0.32014.148
MinimumVisualStudioVersion = 10.0.40219.1
Project("{FAE04EC0-301F-11D3-BF4B-00C04F79EFBC}") = "PlanHPP.Android", "PlanHPP\PlanHPP.Android\PlanHPP.Android.csproj", "{ECCF3D40-559A-444C-BAF7-AA57EF7BFC59}"
EndProject
Project("{9A19103F-16F7-4668-BE54-9A1E7A4F7556}") = "PlanHPP", "PlanHPP\PlanHPP\PlanHPP.csproj", "{A3505A34-44A5-43F5-8528-4EB70A773A8A}"
EndProject
Global
	GlobalSection(SolutionConfigurationPlatforms) = preSolution
		Debug|Any CPU = Debug|Any CPU
		Release|Any CPU = Release|Any CPU
	EndGlobalSection
	GlobalSection(ProjectConfigurationPlatforms) = postSolution
		{ECCF3D40-559A-444C-BAF7-AA57EF7BFC59}.Debug|Any CPU.ActiveCfg = Debug|Any CPU
		{ECCF3D40-559A-444C-BAF7-AA57EF7BFC59}.Debug|Any CPU.Build.0 = Debug|Any CPU
		{ECCF3D40-559A-444C-BAF7-AA57EF7BFC59}.Debug|Any CPU.Deploy.0 = Debug|Any CPU
		{ECCF3D40-559A-444C-BAF7-AA57EF7BFC59}.Release|Any CPU.ActiveCfg = Release|Any CPU
		{ECCF3D40-559A-444C-BAF7-AA57EF7BFC59}.Release|Any CPU.Build.0 = Release|Any CPU
		{ECCF3D40-559A-444C-BAF7-AA57EF7BFC59}.Release|Any CPU.Deploy.0 = Release|Any CPU
		{A3505A34-44A5-43F5-8528-4EB70A773A8A}.Debug|Any CPU.ActiveCfg = Debug|Any CPU
		{A3505A34-44A5-43F5-8528-4EB70A773A8A}.Debug|Any CPU.Build.0 = Debug|Any CPU
		{A3505A34-44A5-43F5-8528-4EB70A773A8A}.Debug|Any CPU.Deploy.0 = Debug|Any CPU
		{A3505A34-44A5-43F5-8528-4EB70A773A8A}.Release|Any CPU.ActiveCfg = Release|Any CPU
		{A3505A34-44A5-43F5-8528-4EB70A773A8A}.Release|Any CPU.Build.0 = Release|Any CPU
		{A3505A34-44A5-43F5-8528-4EB70A773A8A}.Release|Any CPU.Deploy.0 = Release|Any CPU
	EndGlobalSection
	GlobalSection(SolutionProperties) = preSolution
		HideSolutionNode = FALSE
	EndGlobalSection
	GlobalSection(ExtensibilityGlobals) = postSolution
		SolutionGuid = {A27D6624-95D4-45E8-9CED-EFC2A70789DD}
	EndGlobalSection
EndGlobal
